// !$*UTF8*$!
{
	archiveVersion = 1;
	classes = {
	};
	objectVersion = 50;
	objects = {

/* Begin PBXBuildFile section */
		7764931E23AEEFC800F7932A /* DataController.swift in Sources */ = {isa = PBXBuildFile; fileRef = 7764931D23AEEFC800F7932A /* DataController.swift */; };
		7764932023AEF14B00F7932A /* AlertExtension.swift in Sources */ = {isa = PBXBuildFile; fileRef = 7764931F23AEF14B00F7932A /* AlertExtension.swift */; };
		7764932323AEF1C300F7932A /* UselessFact+Extension.swift in Sources */ = {isa = PBXBuildFile; fileRef = 7764932223AEF1C300F7932A /* UselessFact+Extension.swift */; };
		7764932523AEF1E600F7932A /* Notebook+Extension.swift in Sources */ = {isa = PBXBuildFile; fileRef = 7764932423AEF1E600F7932A /* Notebook+Extension.swift */; };
		7764932F23AEF62000F7932A /* UselessFactsClient.swift in Sources */ = {isa = PBXBuildFile; fileRef = 7764932E23AEF62000F7932A /* UselessFactsClient.swift */; };
		7764933323AEF64800F7932A /* UselessFactsDataResponse.swift in Sources */ = {isa = PBXBuildFile; fileRef = 7764933223AEF64800F7932A /* UselessFactsDataResponse.swift */; };
		7764933623B009FB00F7932A /* FactsListViewController.swift in Sources */ = {isa = PBXBuildFile; fileRef = 7764933523B009FB00F7932A /* FactsListViewController.swift */; };
		7764933823B00A1600F7932A /* FactsDetailsViewController.swift in Sources */ = {isa = PBXBuildFile; fileRef = 7764933723B00A1600F7932A /* FactsDetailsViewController.swift */; };
		7764933A23B0120E00F7932A /* FactCell.swift in Sources */ = {isa = PBXBuildFile; fileRef = 7764933923B0120E00F7932A /* FactCell.swift */; };
		7764933F23B0125200F7932A /* Cell.swift in Sources */ = {isa = PBXBuildFile; fileRef = 7764933E23B0125200F7932A /* Cell.swift */; };
		7764934323B2C4B800F7932A /* NotebooksListViewController.swift in Sources */ = {isa = PBXBuildFile; fileRef = 7764934223B2C4B800F7932A /* NotebooksListViewController.swift */; };
		7764934523B2CA8A00F7932A /* NotebookCell.swift in Sources */ = {isa = PBXBuildFile; fileRef = 7764934423B2CA8A00F7932A /* NotebookCell.swift */; };
		776E67AE23AEE7810016636E /* AppDelegate.swift in Sources */ = {isa = PBXBuildFile; fileRef = 776E67AD23AEE7810016636E /* AppDelegate.swift */; };
		776E67B023AEE7810016636E /* SceneDelegate.swift in Sources */ = {isa = PBXBuildFile; fileRef = 776E67AF23AEE7810016636E /* SceneDelegate.swift */; };
		776E67B223AEE7810016636E /* DailyFactViewController.swift in Sources */ = {isa = PBXBuildFile; fileRef = 776E67B123AEE7810016636E /* DailyFactViewController.swift */; };
		776E67B523AEE7810016636E /* Main.storyboard in Resources */ = {isa = PBXBuildFile; fileRef = 776E67B323AEE7810016636E /* Main.storyboard */; };
		776E67B823AEE7810016636E /* RandomUselessFacts.xcdatamodeld in Sources */ = {isa = PBXBuildFile; fileRef = 776E67B623AEE7810016636E /* RandomUselessFacts.xcdatamodeld */; };
		776E67BA23AEE7880016636E /* Assets.xcassets in Resources */ = {isa = PBXBuildFile; fileRef = 776E67B923AEE7880016636E /* Assets.xcassets */; };
		776E67BD23AEE7880016636E /* LaunchScreen.storyboard in Resources */ = {isa = PBXBuildFile; fileRef = 776E67BB23AEE7880016636E /* LaunchScreen.storyboard */; };
/* End PBXBuildFile section */

/* Begin PBXFileReference section */
		7764931D23AEEFC800F7932A /* DataController.swift */ = {isa = PBXFileReference; lastKnownFileType = sourcecode.swift; path = DataController.swift; sourceTree = "<group>"; };
		7764931F23AEF14B00F7932A /* AlertExtension.swift */ = {isa = PBXFileReference; fileEncoding = 4; lastKnownFileType = sourcecode.swift; path = AlertExtension.swift; sourceTree = "<group>"; };
		7764932223AEF1C300F7932A /* UselessFact+Extension.swift */ = {isa = PBXFileReference; lastKnownFileType = sourcecode.swift; path = "UselessFact+Extension.swift"; sourceTree = "<group>"; };
		7764932423AEF1E600F7932A /* Notebook+Extension.swift */ = {isa = PBXFileReference; lastKnownFileType = sourcecode.swift; path = "Notebook+Extension.swift"; sourceTree = "<group>"; };
		7764932E23AEF62000F7932A /* UselessFactsClient.swift */ = {isa = PBXFileReference; lastKnownFileType = sourcecode.swift; path = UselessFactsClient.swift; sourceTree = "<group>"; };
		7764933223AEF64800F7932A /* UselessFactsDataResponse.swift */ = {isa = PBXFileReference; lastKnownFileType = sourcecode.swift; path = UselessFactsDataResponse.swift; sourceTree = "<group>"; };
		7764933523B009FB00F7932A /* FactsListViewController.swift */ = {isa = PBXFileReference; lastKnownFileType = sourcecode.swift; path = FactsListViewController.swift; sourceTree = "<group>"; };
		7764933723B00A1600F7932A /* FactsDetailsViewController.swift */ = {isa = PBXFileReference; lastKnownFileType = sourcecode.swift; path = FactsDetailsViewController.swift; sourceTree = "<group>"; };
		7764933923B0120E00F7932A /* FactCell.swift */ = {isa = PBXFileReference; lastKnownFileType = sourcecode.swift; path = FactCell.swift; sourceTree = "<group>"; };
		7764933E23B0125200F7932A /* Cell.swift */ = {isa = PBXFileReference; lastKnownFileType = sourcecode.swift; path = Cell.swift; sourceTree = "<group>"; };
		7764934223B2C4B800F7932A /* NotebooksListViewController.swift */ = {isa = PBXFileReference; lastKnownFileType = sourcecode.swift; path = NotebooksListViewController.swift; sourceTree = "<group>"; };
		7764934423B2CA8A00F7932A /* NotebookCell.swift */ = {isa = PBXFileReference; lastKnownFileType = sourcecode.swift; path = NotebookCell.swift; sourceTree = "<group>"; };
		776E67AA23AEE7810016636E /* RandomUselessFacts.app */ = {isa = PBXFileReference; explicitFileType = wrapper.application; includeInIndex = 0; path = RandomUselessFacts.app; sourceTree = BUILT_PRODUCTS_DIR; };
		776E67AD23AEE7810016636E /* AppDelegate.swift */ = {isa = PBXFileReference; lastKnownFileType = sourcecode.swift; path = AppDelegate.swift; sourceTree = "<group>"; };
		776E67AF23AEE7810016636E /* SceneDelegate.swift */ = {isa = PBXFileReference; lastKnownFileType = sourcecode.swift; path = SceneDelegate.swift; sourceTree = "<group>"; };
		776E67B123AEE7810016636E /* DailyFactViewController.swift */ = {isa = PBXFileReference; lastKnownFileType = sourcecode.swift; path = DailyFactViewController.swift; sourceTree = "<group>"; };
		776E67B423AEE7810016636E /* Base */ = {isa = PBXFileReference; lastKnownFileType = file.storyboard; name = Base; path = Base.lproj/Main.storyboard; sourceTree = "<group>"; };
		776E67B723AEE7810016636E /* RandomUselessFacts.xcdatamodel */ = {isa = PBXFileReference; lastKnownFileType = wrapper.xcdatamodel; path = RandomUselessFacts.xcdatamodel; sourceTree = "<group>"; };
		776E67B923AEE7880016636E /* Assets.xcassets */ = {isa = PBXFileReference; lastKnownFileType = folder.assetcatalog; path = Assets.xcassets; sourceTree = "<group>"; };
		776E67BC23AEE7880016636E /* Base */ = {isa = PBXFileReference; lastKnownFileType = file.storyboard; name = Base; path = Base.lproj/LaunchScreen.storyboard; sourceTree = "<group>"; };
		776E67BE23AEE7880016636E /* Info.plist */ = {isa = PBXFileReference; lastKnownFileType = text.plist.xml; path = Info.plist; sourceTree = "<group>"; };
/* End PBXFileReference section */

/* Begin PBXFrameworksBuildPhase section */
		776E67A723AEE7810016636E /* Frameworks */ = {
			isa = PBXFrameworksBuildPhase;
			buildActionMask = 2147483647;
			files = (
			);
			runOnlyForDeploymentPostprocessing = 0;
		};
/* End PBXFrameworksBuildPhase section */

/* Begin PBXGroup section */
		7764931B23AEEF2A00F7932A /* Model */ = {
			isa = PBXGroup;
			children = (
				7764931C23AEEF4300F7932A /* Managed Object Extensions */,
				7764931D23AEEFC800F7932A /* DataController.swift */,
				776E67B623AEE7810016636E /* RandomUselessFacts.xcdatamodeld */,
			);
			path = Model;
			sourceTree = "<group>";
		};
		7764931C23AEEF4300F7932A /* Managed Object Extensions */ = {
			isa = PBXGroup;
			children = (
				7764932223AEF1C300F7932A /* UselessFact+Extension.swift */,
				7764932423AEF1E600F7932A /* Notebook+Extension.swift */,
			);
			path = "Managed Object Extensions";
			sourceTree = "<group>";
		};
		7764932123AEF17800F7932A /* Storyboards */ = {
			isa = PBXGroup;
			children = (
				776E67B323AEE7810016636E /* Main.storyboard */,
				776E67BB23AEE7880016636E /* LaunchScreen.storyboard */,
			);
			path = Storyboards;
			sourceTree = "<group>";
		};
		7764932623AEF44D00F7932A /* ViewController */ = {
			isa = PBXGroup;
			children = (
				776E67B123AEE7810016636E /* DailyFactViewController.swift */,
				7764934223B2C4B800F7932A /* NotebooksListViewController.swift */,
				7764933523B009FB00F7932A /* FactsListViewController.swift */,
				7764933723B00A1600F7932A /* FactsDetailsViewController.swift */,
			);
			path = ViewController;
			sourceTree = "<group>";
		};
		7764932D23AEF58600F7932A /* NetworkServices */ = {
			isa = PBXGroup;
			children = (
				7764932E23AEF62000F7932A /* UselessFactsClient.swift */,
				7764933223AEF64800F7932A /* UselessFactsDataResponse.swift */,
			);
			path = NetworkServices;
			sourceTree = "<group>";
		};
		7764933D23B0122E00F7932A /* View */ = {
			isa = PBXGroup;
			children = (
				7764934123B012C000F7932A /* Cells */,
				7764934023B012AF00F7932A /* Protocols */,
			);
			path = View;
			sourceTree = "<group>";
		};
		7764934023B012AF00F7932A /* Protocols */ = {
			isa = PBXGroup;
			children = (
				7764933E23B0125200F7932A /* Cell.swift */,
			);
			path = Protocols;
			sourceTree = "<group>";
		};
		7764934123B012C000F7932A /* Cells */ = {
			isa = PBXGroup;
			children = (
				7764933923B0120E00F7932A /* FactCell.swift */,
				7764934423B2CA8A00F7932A /* NotebookCell.swift */,
			);
			path = Cells;
			sourceTree = "<group>";
		};
		776E67A123AEE7810016636E = {
			isa = PBXGroup;
			children = (
				776E67AC23AEE7810016636E /* RandomUselessFacts */,
				776E67AB23AEE7810016636E /* Products */,
			);
			sourceTree = "<group>";
		};
		776E67AB23AEE7810016636E /* Products */ = {
			isa = PBXGroup;
			children = (
				776E67AA23AEE7810016636E /* RandomUselessFacts.app */,
			);
			name = Products;
			sourceTree = "<group>";
		};
		776E67AC23AEE7810016636E /* RandomUselessFacts */ = {
			isa = PBXGroup;
			children = (
				776E67AD23AEE7810016636E /* AppDelegate.swift */,
				776E67AF23AEE7810016636E /* SceneDelegate.swift */,
				7764931F23AEF14B00F7932A /* AlertExtension.swift */,
				7764931B23AEEF2A00F7932A /* Model */,
				7764932D23AEF58600F7932A /* NetworkServices */,
				7764932623AEF44D00F7932A /* ViewController */,
				7764932123AEF17800F7932A /* Storyboards */,
				776E67B923AEE7880016636E /* Assets.xcassets */,
				776E67BE23AEE7880016636E /* Info.plist */,
				7764933D23B0122E00F7932A /* View */,
			);
			path = RandomUselessFacts;
			sourceTree = "<group>";
		};
/* End PBXGroup section */

/* Begin PBXNativeTarget section */
		776E67A923AEE7810016636E /* RandomUselessFacts */ = {
			isa = PBXNativeTarget;
			buildConfigurationList = 776E67C123AEE7880016636E /* Build configuration list for PBXNativeTarget "RandomUselessFacts" */;
			buildPhases = (
				776E67A623AEE7810016636E /* Sources */,
				776E67A723AEE7810016636E /* Frameworks */,
				776E67A823AEE7810016636E /* Resources */,
			);
			buildRules = (
			);
			dependencies = (
			);
			name = RandomUselessFacts;
			productName = RandomUselessFacts;
			productReference = 776E67AA23AEE7810016636E /* RandomUselessFacts.app */;
			productType = "com.apple.product-type.application";
		};
/* End PBXNativeTarget section */

/* Begin PBXProject section */
		776E67A223AEE7810016636E /* Project object */ = {
			isa = PBXProject;
			attributes = {
				LastSwiftUpdateCheck = 1120;
				LastUpgradeCheck = 1120;
				ORGANIZATIONNAME = NTG;
				TargetAttributes = {
					776E67A923AEE7810016636E = {
						CreatedOnToolsVersion = 11.2.1;
					};
				};
			};
			buildConfigurationList = 776E67A523AEE7810016636E /* Build configuration list for PBXProject "RandomUselessFacts" */;
			compatibilityVersion = "Xcode 9.3";
			developmentRegion = en;
			hasScannedForEncodings = 0;
			knownRegions = (
				en,
				Base,
			);
			mainGroup = 776E67A123AEE7810016636E;
			productRefGroup = 776E67AB23AEE7810016636E /* Products */;
			projectDirPath = "";
			projectRoot = "";
			targets = (
				776E67A923AEE7810016636E /* RandomUselessFacts */,
			);
		};
/* End PBXProject section */

/* Begin PBXResourcesBuildPhase section */
		776E67A823AEE7810016636E /* Resources */ = {
			isa = PBXResourcesBuildPhase;
			buildActionMask = 2147483647;
			files = (
				776E67BD23AEE7880016636E /* LaunchScreen.storyboard in Resources */,
				776E67BA23AEE7880016636E /* Assets.xcassets in Resources */,
				776E67B523AEE7810016636E /* Main.storyboard in Resources */,
			);
			runOnlyForDeploymentPostprocessing = 0;
		};
/* End PBXResourcesBuildPhase section */

/* Begin PBXSourcesBuildPhase section */
		776E67A623AEE7810016636E /* Sources */ = {
			isa = PBXSourcesBuildPhase;
			buildActionMask = 2147483647;
			files = (
				7764934523B2CA8A00F7932A /* NotebookCell.swift in Sources */,
				7764931E23AEEFC800F7932A /* DataController.swift in Sources */,
				776E67B223AEE7810016636E /* DailyFactViewController.swift in Sources */,
				7764933323AEF64800F7932A /* UselessFactsDataResponse.swift in Sources */,
				776E67B823AEE7810016636E /* RandomUselessFacts.xcdatamodeld in Sources */,
				776E67AE23AEE7810016636E /* AppDelegate.swift in Sources */,
				7764932523AEF1E600F7932A /* Notebook+Extension.swift in Sources */,
				7764933A23B0120E00F7932A /* FactCell.swift in Sources */,
				7764932F23AEF62000F7932A /* UselessFactsClient.swift in Sources */,
				7764934323B2C4B800F7932A /* NotebooksListViewController.swift in Sources */,
				7764933823B00A1600F7932A /* FactsDetailsViewController.swift in Sources */,
				7764933F23B0125200F7932A /* Cell.swift in Sources */,
				7764932023AEF14B00F7932A /* AlertExtension.swift in Sources */,
				7764932323AEF1C300F7932A /* UselessFact+Extension.swift in Sources */,
				776E67B023AEE7810016636E /* SceneDelegate.swift in Sources */,
				7764933623B009FB00F7932A /* FactsListViewController.swift in Sources */,
			);
			runOnlyForDeploymentPostprocessing = 0;
		};
/* End PBXSourcesBuildPhase section */

/* Begin PBXVariantGroup section */
		776E67B323AEE7810016636E /* Main.storyboard */ = {
			isa = PBXVariantGroup;
			children = (
				776E67B423AEE7810016636E /* Base */,
			);
			name = Main.storyboard;
			sourceTree = "<group>";
		};
		776E67BB23AEE7880016636E /* LaunchScreen.storyboard */ = {
			isa = PBXVariantGroup;
			children = (
				776E67BC23AEE7880016636E /* Base */,
			);
			name = LaunchScreen.storyboard;
			sourceTree = "<group>";
		};
/* End PBXVariantGroup section */

/* Begin XCBuildConfiguration section */
		776E67BF23AEE7880016636E /* Debug */ = {
			isa = XCBuildConfiguration;
			buildSettings = {
				ALWAYS_SEARCH_USER_PATHS = NO;
				CLANG_ANALYZER_NONNULL = YES;
				CLANG_ANALYZER_NUMBER_OBJECT_CONVERSION = YES_AGGRESSIVE;
				CLANG_CXX_LANGUAGE_STANDARD = "gnu++14";
				CLANG_CXX_LIBRARY = "libc++";
				CLANG_ENABLE_MODULES = YES;
				CLANG_ENABLE_OBJC_ARC = YES;
				CLANG_ENABLE_OBJC_WEAK = YES;
				CLANG_WARN_BLOCK_CAPTURE_AUTORELEASING = YES;
				CLANG_WARN_BOOL_CONVERSION = YES;
				CLANG_WARN_COMMA = YES;
				CLANG_WARN_CONSTANT_CONVERSION = YES;
				CLANG_WARN_DEPRECATED_OBJC_IMPLEMENTATIONS = YES;
				CLANG_WARN_DIRECT_OBJC_ISA_USAGE = YES_ERROR;
				CLANG_WARN_DOCUMENTATION_COMMENTS = YES;
				CLANG_WARN_EMPTY_BODY = YES;
				CLANG_WARN_ENUM_CONVERSION = YES;
				CLANG_WARN_INFINITE_RECURSION = YES;
				CLANG_WARN_INT_CONVERSION = YES;
				CLANG_WARN_NON_LITERAL_NULL_CONVERSION = YES;
				CLANG_WARN_OBJC_IMPLICIT_RETAIN_SELF = YES;
				CLANG_WARN_OBJC_LITERAL_CONVERSION = YES;
				CLANG_WARN_OBJC_ROOT_CLASS = YES_ERROR;
				CLANG_WARN_RANGE_LOOP_ANALYSIS = YES;
				CLANG_WARN_STRICT_PROTOTYPES = YES;
				CLANG_WARN_SUSPICIOUS_MOVE = YES;
				CLANG_WARN_UNGUARDED_AVAILABILITY = YES_AGGRESSIVE;
				CLANG_WARN_UNREACHABLE_CODE = YES;
				CLANG_WARN__DUPLICATE_METHOD_MATCH = YES;
				COPY_PHASE_STRIP = NO;
				DEBUG_INFORMATION_FORMAT = dwarf;
				ENABLE_STRICT_OBJC_MSGSEND = YES;
				ENABLE_TESTABILITY = YES;
				GCC_C_LANGUAGE_STANDARD = gnu11;
				GCC_DYNAMIC_NO_PIC = NO;
				GCC_NO_COMMON_BLOCKS = YES;
				GCC_OPTIMIZATION_LEVEL = 0;
				GCC_PREPROCESSOR_DEFINITIONS = (
					"DEBUG=1",
					"$(inherited)",
				);
				GCC_WARN_64_TO_32_BIT_CONVERSION = YES;
				GCC_WARN_ABOUT_RETURN_TYPE = YES_ERROR;
				GCC_WARN_UNDECLARED_SELECTOR = YES;
				GCC_WARN_UNINITIALIZED_AUTOS = YES_AGGRESSIVE;
				GCC_WARN_UNUSED_FUNCTION = YES;
				GCC_WARN_UNUSED_VARIABLE = YES;
				IPHONEOS_DEPLOYMENT_TARGET = 13.2;
				MTL_ENABLE_DEBUG_INFO = INCLUDE_SOURCE;
				MTL_FAST_MATH = YES;
				ONLY_ACTIVE_ARCH = YES;
				SDKROOT = iphoneos;
				SWIFT_ACTIVE_COMPILATION_CONDITIONS = DEBUG;
				SWIFT_OPTIMIZATION_LEVEL = "-Onone";
			};
			name = Debug;
		};
		776E67C023AEE7880016636E /* Release */ = {
			isa = XCBuildConfiguration;
			buildSettings = {
				ALWAYS_SEARCH_USER_PATHS = NO;
				CLANG_ANALYZER_NONNULL = YES;
				CLANG_ANALYZER_NUMBER_OBJECT_CONVERSION = YES_AGGRESSIVE;
				CLANG_CXX_LANGUAGE_STANDARD = "gnu++14";
				CLANG_CXX_LIBRARY = "libc++";
				CLANG_ENABLE_MODULES = YES;
				CLANG_ENABLE_OBJC_ARC = YES;
				CLANG_ENABLE_OBJC_WEAK = YES;
				CLANG_WARN_BLOCK_CAPTURE_AUTORELEASING = YES;
				CLANG_WARN_BOOL_CONVERSION = YES;
				CLANG_WARN_COMMA = YES;
				CLANG_WARN_CONSTANT_CONVERSION = YES;
				CLANG_WARN_DEPRECATED_OBJC_IMPLEMENTATIONS = YES;
				CLANG_WARN_DIRECT_OBJC_ISA_USAGE = YES_ERROR;
				CLANG_WARN_DOCUMENTATION_COMMENTS = YES;
				CLANG_WARN_EMPTY_BODY = YES;
				CLANG_WARN_ENUM_CONVERSION = YES;
				CLANG_WARN_INFINITE_RECURSION = YES;
				CLANG_WARN_INT_CONVERSION = YES;
				CLANG_WARN_NON_LITERAL_NULL_CONVERSION = YES;
				CLANG_WARN_OBJC_IMPLICIT_RETAIN_SELF = YES;
				CLANG_WARN_OBJC_LITERAL_CONVERSION = YES;
				CLANG_WARN_OBJC_ROOT_CLASS = YES_ERROR;
				CLANG_WARN_RANGE_LOOP_ANALYSIS = YES;
				CLANG_WARN_STRICT_PROTOTYPES = YES;
				CLANG_WARN_SUSPICIOUS_MOVE = YES;
				CLANG_WARN_UNGUARDED_AVAILABILITY = YES_AGGRESSIVE;
				CLANG_WARN_UNREACHABLE_CODE = YES;
				CLANG_WARN__DUPLICATE_METHOD_MATCH = YES;
				COPY_PHASE_STRIP = NO;
				DEBUG_INFORMATION_FORMAT = "dwarf-with-dsym";
				ENABLE_NS_ASSERTIONS = NO;
				ENABLE_STRICT_OBJC_MSGSEND = YES;
				GCC_C_LANGUAGE_STANDARD = gnu11;
				GCC_NO_COMMON_BLOCKS = YES;
				GCC_WARN_64_TO_32_BIT_CONVERSION = YES;
				GCC_WARN_ABOUT_RETURN_TYPE = YES_ERROR;
				GCC_WARN_UNDECLARED_SELECTOR = YES;
				GCC_WARN_UNINITIALIZED_AUTOS = YES_AGGRESSIVE;
				GCC_WARN_UNUSED_FUNCTION = YES;
				GCC_WARN_UNUSED_VARIABLE = YES;
				IPHONEOS_DEPLOYMENT_TARGET = 13.2;
				MTL_ENABLE_DEBUG_INFO = NO;
				MTL_FAST_MATH = YES;
				SDKROOT = iphoneos;
				SWIFT_COMPILATION_MODE = wholemodule;
				SWIFT_OPTIMIZATION_LEVEL = "-O";
				VALIDATE_PRODUCT = YES;
			};
			name = Release;
		};
		776E67C223AEE7880016636E /* Debug */ = {
			isa = XCBuildConfiguration;
			buildSettings = {
				ASSETCATALOG_COMPILER_APPICON_NAME = AppIcon;
				CODE_SIGN_STYLE = Automatic;
				INFOPLIST_FILE = RandomUselessFacts/Info.plist;
				LD_RUNPATH_SEARCH_PATHS = (
					"$(inherited)",
					"@executable_path/Frameworks",
				);
				PRODUCT_BUNDLE_IDENTIFIER = com.NTG.RandomUselessFacts;
				PRODUCT_NAME = "$(TARGET_NAME)";
				SWIFT_VERSION = 5.0;
				TARGETED_DEVICE_FAMILY = "1,2";
			};
			name = Debug;
		};
		776E67C323AEE7880016636E /* Release */ = {
			isa = XCBuildConfiguration;
			buildSettings = {
				ASSETCATALOG_COMPILER_APPICON_NAME = AppIcon;
				CODE_SIGN_STYLE = Automatic;
				INFOPLIST_FILE = RandomUselessFacts/Info.plist;
				LD_RUNPATH_SEARCH_PATHS = (
					"$(inherited)",
					"@executable_path/Frameworks",
				);
				PRODUCT_BUNDLE_IDENTIFIER = com.NTG.RandomUselessFacts;
				PRODUCT_NAME = "$(TARGET_NAME)";
				SWIFT_VERSION = 5.0;
				TARGETED_DEVICE_FAMILY = "1,2";
			};
			name = Release;
		};
/* End XCBuildConfiguration section */

/* Begin XCConfigurationList section */
		776E67A523AEE7810016636E /* Build configuration list for PBXProject "RandomUselessFacts" */ = {
			isa = XCConfigurationList;
			buildConfigurations = (
				776E67BF23AEE7880016636E /* Debug */,
				776E67C023AEE7880016636E /* Release */,
			);
			defaultConfigurationIsVisible = 0;
			defaultConfigurationName = Release;
		};
		776E67C123AEE7880016636E /* Build configuration list for PBXNativeTarget "RandomUselessFacts" */ = {
			isa = XCConfigurationList;
			buildConfigurations = (
				776E67C223AEE7880016636E /* Debug */,
				776E67C323AEE7880016636E /* Release */,
			);
			defaultConfigurationIsVisible = 0;
			defaultConfigurationName = Release;
		};
/* End XCConfigurationList section */

/* Begin XCVersionGroup section */
		776E67B623AEE7810016636E /* RandomUselessFacts.xcdatamodeld */ = {
			isa = XCVersionGroup;
			children = (
				776E67B723AEE7810016636E /* RandomUselessFacts.xcdatamodel */,
			);
			currentVersion = 776E67B723AEE7810016636E /* RandomUselessFacts.xcdatamodel */;
			path = RandomUselessFacts.xcdatamodeld;
			sourceTree = "<group>";
			versionGroupType = wrapper.xcdatamodel;
		};
/* End XCVersionGroup section */
	};
	rootObject = 776E67A223AEE7810016636E /* Project object */;
}
